<Solution>
    <Folder Name="/.github/" />
    <Folder Name="/.github/workflows/">
        <File Path=".github/workflows/basic_ci.yml" />
    </Folder>
    <Folder Name="/artifacts/" />
    <Folder Name="/artifacts/logs/">
        <File Path="artifacts/logs/placeholder.txt" />
    </Folder>
    <Folder Name="/artifacts/nuget_packages/">
        <File Path="artifacts/nuget_packages/placeholder.txt" />
    </Folder>
    <Folder Name="/automation/" />
    <Folder Name="/automation/scripts/">
        <File Path="automation/scripts/check-openapi-doc-current.ps1" />
        <File Path="automation/scripts/install-local.ps1" />
        <File Path="automation/scripts/pack-templates.ps1" />
        <File Path="automation/scripts/publish-templates.ps1" />
        <File Path="automation/scripts/run-spectral-lint.ps1" />
        <File Path="automation/scripts/shared.ps1" />
        <File Path="automation/scripts/uninstall-local.ps1" />
        <File Path="automation/scripts/validate-templates.ps1" />
    </Folder>
    <Folder Name="/docs/">
        <File Path="docs/architecture.md" />
        <File Path="docs/authoring-guide.md" />
        <File Path="docs/naming-conventions.md" />
        <File Path="docs/release-process.md" />
        <File Path="docs/template-catalog.md" />
    </Folder>
    <Folder Name="/local_testing/">
        <File Path="local_testing/placeholder.txt" />
    </Folder>
    <Folder Name="/templates/" />
    <Folder Name="/templates/item/">
        <File Path="templates/item/placeholder.txt" />
    </Folder>
    <Folder Name="/templates/project/">
        <File Path="templates/project/placeholder.txt" />
    </Folder>
</Solution>
